{
	"name": "playwright-ctrf-json-reporter",
	"version": "0.0.29",
	"lockfileVersion": 3,
	"requires": true,
	"packages": {
		"": {
			"name": "playwright-ctrf-json-reporter",
			"version": "0.0.29",
			"license": "MIT",
			"dependencies": {
				"ctrf": "0.2.1"
			},
			"devDependencies": {
				"@biomejs/biome": "2.4.16",
				"@d2t/vitest-ctrf-json-reporter": "1.3.0",
				"@playwright/test": "1.60.0",
				"@types/node": "25.9.2",
				"@vitest/coverage-v8": "4.1.8",
				"tsup": "8.5.1",
				"typescript": "6.0.3",
				"vitest": "4.1.8"
			}
		},
		"node_modules/@babel/helper-string-parser": {
			"version": "7.29.7",
			"dev": true,
			"license": "MIT",
			"engines": {
				"node": ">=6.9.0"
			}
		},
		"node_modules/@babel/helper-validator-identifier": {
			"version": "7.29.7",
			"dev": true,
			"license": "MIT",
			"engines": {
				"node": ">=6.9.0"
			}
		},
		"node_modules/@babel/parser": {
			"version": "7.29.7",
			"dev": true,
			"license": "MIT",
			"dependencies": {
				"@babel/types": "^7.29.7"
			},
			"bin": {
				"parser": "bin/babel-parser.js"
			},
			"engines": {
				"node": ">=6.0.0"
			}
		},
		"node_modules/@babel/types": {
			"version": "7.29.7",
			"dev": true,
			"license": "MIT",
			"dependencies": {
				"@babel/helper-string-parser": "^7.29.7",
				"@babel/helper-validator-identifier": "^7.29.7"
			},
			"engines": {
				"node": ">=6.9.0"
			}
		},
		"node_modules/@biomejs/biome": {
			"version": "2.4.16",
			"dev": true,
			"license": "MIT OR Apache-2.0",
			"bin": {
				"biome": "bin/biome"
			},
			"engines": {
				"node": ">=14.21.3"
			},
			"funding": {
				"type": "opencollective",
				"url": "https://opencollective.com/biome"
			},
			"optionalDependencies": {
				"@biomejs/cli-darwin-arm64": "2.4.16",
				"@biomejs/cli-darwin-x64": "2.4.16",
				"@biomejs/cli-linux-arm64": "2.4.16",
				"@biomejs/cli-linux-arm64-musl": "2.4.16",
				"@biomejs/cli-linux-x64": "2.4.16",
				"@biomejs/cli-linux-x64-musl": "2.4.16",
				"@biomejs/cli-win32-arm64": "2.4.16",
				"@biomejs/cli-win32-x64": "2.4.16"
			}
		},
		"node_modules/@biomejs/cli-darwin-arm64": {
			"version": "2.4.16",
			"cpu": [
				"arm64"
			],
			"dev": true,
			"license": "MIT OR Apache-2.0",
			"optional": true,
			"os": [
				"darwin"
			],
			"engines": {
				"node": ">=14.21.3"
			}
		},
		"node_modules/@d2t/vitest-ctrf-json-reporter": {
			"version": "1.3.0",
			"dev": true,
			"license": "MIT"
		},
		"node_modules/@esbuild/darwin-arm64": {
			"version": "0.27.7",
			"cpu": [
				"arm64"
			],
			"dev": true,
			"license": "MIT",
			"optional": true,
			"os": [
				"darwin"
			],
			"engines": {
				"node": ">=18"
			}
		},
		"node_modules/@jridgewell/gen-mapping": {
			"version": "0.3.13",
			"dev": true,
			"license": "MIT",
			"dependencies": {
				"@jridgewell/sourcemap-codec": "^1.5.0",
				"@jridgewell/trace-mapping": "^0.3.24"
			}
		},
		"node_modules/@jridgewell/resolve-uri": {
			"version": "3.1.2",
			"dev": true,
			"license": "MIT",
			"engines": {
				"node": ">=6.0.0"
			}
		},
		"node_modules/@jridgewell/sourcemap-codec": {
			"version": "1.5.5",
			"dev": true,
			"license": "MIT"
		},
		"node_modules/@jridgewell/trace-mapping": {
			"version": "0.3.31",
			"dev": true,
			"license": "MIT",
			"dependencies": {
				"@jridgewell/resolve-uri": "^3.1.0",
				"@jridgewell/sourcemap-codec": "^1.4.14"
			}
		},
		"node_modules/@oxc-project/types": {
			"version": "0.133.0",
			"dev": true,
			"license": "MIT",
			"funding": {
				"url": "https://github.com/sponsors/Boshen"
			}
		},
		"node_modules/@playwright/test": {
			"version": "1.60.0",
			"dev": true,
			"license": "Apache-2.0",
			"dependencies": {
				"playwright": "1.60.0"
			},
			"bin": {
				"playwright": "cli.js"
			},
			"engines": {
				"node": ">=18"
			}
		},
		"node_modules/@rolldown/binding-darwin-arm64": {
			"version": "1.0.3",
			"cpu": [
				"arm64"
			],
			"dev": true,
			"license": "MIT",
			"optional": true,
			"os": [
				"darwin"
			],
			"engines": {
				"node": "^20.19.0 || >=22.12.0"
			}
		},
		"node_modules/@rolldown/pluginutils": {
			"version": "1.0.1",
			"dev": true,
			"license": "MIT"
		},
		"node_modules/@rollup/rollup-darwin-arm64": {
			"version": "4.61.1",
			"cpu": [
				"arm64"
			],
			"dev": true,
			"license": "MIT",
			"optional": true,
			"os": [
				"darwin"
			]
		},
		"node_modules/@standard-schema/spec": {
			"version": "1.1.0",
			"dev": true,
			"license": "MIT"
		},
		"node_modules/@types/chai": {
			"version": "5.2.3",
			"dev": true,
			"license": "MIT",
			"dependencies": {
				"@types/deep-eql": "*",
				"assertion-error": "^2.0.1"
			}
		},
		"node_modules/@types/deep-eql": {
			"version": "4.0.2",
			"dev": true,
			"license": "MIT"
		},
		"node_modules/@types/estree": {
			"version": "1.0.9",
			"dev": true,
			"license": "MIT"
		},
		"node_modules/@types/node": {
			"version": "25.9.2",
			"dev": true,
			"license": "MIT",
			"dependencies": {
				"undici-types": ">=7.24.0 <7.24.7"
			}
		},
		"node_modules/@vitest/coverage-v8": {
			"version": "4.1.8",
			"dev": true,
			"license": "MIT",
			"dependencies": {
				"@bcoe/v8-coverage": "^1.0.2",
				"@vitest/utils": "4.1.8",
				"ast-v8-to-istanbul": "^1.0.0",
				"istanbul-lib-coverage": "^3.2.2",
				"istanbul-lib-report": "^3.0.1",
				"istanbul-reports": "^3.2.0",
				"magicast": "^0.5.2",
				"obug": "^2.1.1",
				"std-env": "^4.0.0-rc.1",
				"tinyrainbow": "^3.1.0"
			},
			"funding": {
				"url": "https://opencollective.com/vitest"
			},
			"peerDependencies": {
				"@vitest/browser": "4.1.8",
				"vitest": "4.1.8"
			},
			"peerDependenciesMeta": {
				"@vitest/browser": {
					"optional": true
				}
			}
		},
		"node_modules/@vitest/coverage-v8/node_modules/@bcoe/v8-coverage": {
			"version": "1.0.2",
			"dev": true,
			"license": "MIT",
			"engines": {
				"node": ">=18"
			}
		},
		"node_modules/@vitest/expect": {
			"version": "4.1.8",
			"dev": true,
			"license": "MIT",
			"dependencies": {
				"@standard-schema/spec": "^1.1.0",
				"@types/chai": "^5.2.2",
				"@vitest/spy": "4.1.8",
				"@vitest/utils": "4.1.8",
				"chai": "^6.2.2",
				"tinyrainbow": "^3.1.0"
			},
			"funding": {
				"url": "https://opencollective.com/vitest"
			}
		},
		"node_modules/@vitest/mocker": {
			"version": "4.1.8",
			"dev": true,
			"license": "MIT",
			"dependencies": {
				"@vitest/spy": "4.1.8",
				"estree-walker": "^3.0.3",
				"magic-string": "^0.30.21"
			},
			"funding": {
				"url": "https://opencollective.com/vitest"
			},
			"peerDependencies": {
				"msw": "^2.4.9",
				"vite": "^6.0.0 || ^7.0.0 || ^8.0.0"
			},
			"peerDependenciesMeta": {
				"msw": {
					"optional": true
				},
				"vite": {
					"optional": true
				}
			}
		},
		"node_modules/@vitest/pretty-format": {
			"version": "4.1.8",
			"dev": true,
			"license": "MIT",
			"dependencies": {
				"tinyrainbow": "^3.1.0"
			},
			"funding": {
				"url": "https://opencollective.com/vitest"
			}
		},
		"node_modules/@vitest/runner": {
			"version": "4.1.8",
			"dev": true,
			"license": "MIT",
			"dependencies": {
				"@vitest/utils": "4.1.8",
				"pathe": "^2.0.3"
			},
			"funding": {
				"url": "https://opencollective.com/vitest"
			}
		},
		"node_modules/@vitest/snapshot": {
			"version": "4.1.8",
			"dev": true,
			"license": "MIT",
			"dependencies": {
				"@vitest/pretty-format": "4.1.8",
				"@vitest/utils": "4.1.8",
				"magic-string": "^0.30.21",
				"pathe": "^2.0.3"
			},
			"funding": {
				"url": "https://opencollective.com/vitest"
			}
		},
		"node_modules/@vitest/spy": {
			"version": "4.1.8",
			"dev": true,
			"license": "MIT",
			"funding": {
				"url": "https://opencollective.com/vitest"
			}
		},
		"node_modules/@vitest/utils": {
			"version": "4.1.8",
			"dev": true,
			"license": "MIT",
			"dependencies": {
				"@vitest/pretty-format": "4.1.8",
				"convert-source-map": "^2.0.0",
				"tinyrainbow": "^3.1.0"
			},
			"funding": {
				"url": "https://opencollective.com/vitest"
			}
		},
		"node_modules/acorn": {
			"version": "8.16.0",
			"dev": true,
			"license": "MIT",
			"bin": {
				"acorn": "bin/acorn"
			},
			"engines": {
				"node": ">=0.4.0"
			}
		},
		"node_modules/ajv-formats": {
			"version": "3.0.1",
			"license": "MIT",
			"dependencies": {
				"ajv": "^8.0.0"
			},
			"peerDependencies": {
				"ajv": "^8.0.0"
			},
			"peerDependenciesMeta": {
				"ajv": {
					"optional": true
				}
			}
		},
		"node_modules/ajv-formats/node_modules/ajv": {
			"version": "8.18.0",
			"license": "MIT",
			"dependencies": {
				"fast-deep-equal": "^3.1.3",
				"fast-uri": "^3.0.1",
				"json-schema-traverse": "^1.0.0",
				"require-from-string": "^2.0.2"
			},
			"funding": {
				"type": "github",
				"url": "https://github.com/sponsors/epoberezkin"
			}
		},
		"node_modules/ajv-formats/node_modules/json-schema-traverse": {
			"version": "1.0.0",
			"license": "MIT"
		},
		"node_modules/ansi-regex": {
			"version": "6.2.2",
			"license": "MIT",
			"engines": {
				"node": ">=12"
			},
			"funding": {
				"url": "https://github.com/chalk/ansi-regex?sponsor=1"
			}
		},
		"node_modules/any-promise": {
			"version": "1.3.0",
			"dev": true,
			"license": "MIT"
		},
		"node_modules/assertion-error": {
			"version": "2.0.1",
			"dev": true,
			"license": "MIT",
			"engines": {
				"node": ">=12"
			}
		},
		"node_modules/ast-v8-to-istanbul": {
			"version": "1.0.3",
			"dev": true,
			"license": "MIT",
			"dependencies": {
				"@jridgewell/trace-mapping": "^0.3.31",
				"estree-walker": "^3.0.3",
				"js-tokens": "^10.0.0"
			}
		},
		"node_modules/ast-v8-to-istanbul/node_modules/js-tokens": {
			"version": "10.0.0",
			"dev": true,
			"license": "MIT"
		},
		"node_modules/bundle-require": {
			"version": "5.1.0",
			"dev": true,
			"license": "MIT",
			"dependencies": {
				"load-tsconfig": "^0.2.3"
			},
			"engines": {
				"node": "^12.20.0 || ^14.13.1 || >=16.0.0"
			},
			"peerDependencies": {
				"esbuild": ">=0.18"
			}
		},
		"node_modules/cac": {
			"version": "6.7.14",
			"dev": true,
			"license": "MIT",
			"engines": {
				"node": ">=8"
			}
		},
		"node_modules/chai": {
			"version": "6.2.2",
			"dev": true,
			"license": "MIT",
			"engines": {
				"node": ">=18"
			}
		},
		"node_modules/chokidar": {
			"version": "4.0.3",
			"dev": true,
			"license": "MIT",
			"dependencies": {
				"readdirp": "^4.0.1"
			},
			"engines": {
				"node": ">= 14.16.0"
			},
			"funding": {
				"url": "https://paulmillr.com/funding/"
			}
		},
		"node_modules/commander": {
			"version": "4.1.1",
			"dev": true,
			"license": "MIT",
			"engines": {
				"node": ">= 6"
			}
		},
		"node_modules/confbox": {
			"version": "0.1.8",
			"dev": true,
			"license": "MIT"
		},
		"node_modules/consola": {
			"version": "3.4.2",
			"dev": true,
			"license": "MIT",
			"engines": {
				"node": "^14.18.0 || >=16.10.0"
			}
		},
		"node_modules/convert-source-map": {
			"version": "2.0.0",
			"dev": true,
			"license": "MIT"
		},
		"node_modules/ctrf": {
			"version": "0.2.1",
			"license": "MIT",
			"dependencies": {
				"ajv": "8.20.0",
				"ajv-formats": "3.0.1",
				"glob": "13.0.6",
				"yargs": "18.0.0"
			},
			"bin": {
				"ctrf": "dist/cli/cli.js"
			},
			"engines": {
				"node": ">=20.19.0"
			}
		},
		"node_modules/ctrf/node_modules/ajv": {
			"version": "8.20.0",
			"license": "MIT",
			"dependencies": {
				"fast-deep-equal": "^3.1.3",
				"fast-uri": "^3.0.1",
				"json-schema-traverse": "^1.0.0",
				"require-from-string": "^2.0.2"
			},
			"funding": {
				"type": "github",
				"url": "https://github.com/sponsors/epoberezkin"
			}
		},
		"node_modules/ctrf/node_modules/ansi-styles": {
			"version": "6.2.3",
			"license": "MIT",
			"engines": {
				"node": ">=12"
			},
			"funding": {
				"url": "https://github.com/chalk/ansi-styles?sponsor=1"
			}
		},
		"node_modules/ctrf/node_modules/balanced-match": {
			"version": "4.0.4",
			"license": "MIT",
			"engines": {
				"node": "18 || 20 || >=22"
			}
		},
		"node_modules/ctrf/node_modules/brace-expansion": {
			"version": "5.0.6",
			"license": "MIT",
			"dependencies": {
				"balanced-match": "^4.0.2"
			},
			"engines": {
				"node": "18 || 20 || >=22"
			}
		},
		"node_modules/ctrf/node_modules/cliui": {
			"version": "9.0.1",
			"license": "ISC",
			"dependencies": {
				"string-width": "^7.2.0",
				"strip-ansi": "^7.1.0",
				"wrap-ansi": "^9.0.0"
			},
			"engines": {
				"node": ">=20"
			}
		},
		"node_modules/ctrf/node_modules/emoji-regex": {
			"version": "10.6.0",
			"license": "MIT"
		},
		"node_modules/ctrf/node_modules/glob": {
			"version": "13.0.6",
			"license": "BlueOak-1.0.0",
			"dependencies": {
				"minimatch": "^10.2.2",
				"minipass": "^7.1.3",
				"path-scurry": "^2.0.2"
			},
			"engines": {
				"node": "18 || 20 || >=22"
			},
			"funding": {
				"url": "https://github.com/sponsors/isaacs"
			}
		},
		"node_modules/ctrf/node_modules/json-schema-traverse": {
			"version": "1.0.0",
			"license": "MIT"
		},
		"node_modules/ctrf/node_modules/lru-cache": {
			"version": "11.2.7",
			"license": "BlueOak-1.0.0",
			"engines": {
				"node": "20 || >=22"
			}
		},
		"node_modules/ctrf/node_modules/minimatch": {
			"version": "10.2.4",
			"license": "BlueOak-1.0.0",
			"dependencies": {
				"brace-expansion": "^5.0.2"
			},
			"engines": {
				"node": "18 || 20 || >=22"
			},
			"funding": {
				"url": "https://github.com/sponsors/isaacs"
			}
		},
		"node_modules/ctrf/node_modules/path-scurry": {
			"version": "2.0.2",
			"license": "BlueOak-1.0.0",
			"dependencies": {
				"lru-cache": "^11.0.0",
				"minipass": "^7.1.2"
			},
			"engines": {
				"node": "18 || 20 || >=22"
			},
			"funding": {
				"url": "https://github.com/sponsors/isaacs"
			}
		},
		"node_modules/ctrf/node_modules/string-width": {
			"version": "7.2.0",
			"license": "MIT",
			"dependencies": {
				"emoji-regex": "^10.3.0",
				"get-east-asian-width": "^1.0.0",
				"strip-ansi": "^7.1.0"
			},
			"engines": {
				"node": ">=18"
			},
			"funding": {
				"url": "https://github.com/sponsors/sindresorhus"
			}
		},
		"node_modules/ctrf/node_modules/wrap-ansi": {
			"version": "9.0.2",
			"license": "MIT",
			"dependencies": {
				"ansi-styles": "^6.2.1",
				"string-width": "^7.0.0",
				"strip-ansi": "^7.1.0"
			},
			"engines": {
				"node": ">=18"
			},
			"funding": {
				"url": "https://github.com/chalk/wrap-ansi?sponsor=1"
			}
		},
		"node_modules/ctrf/node_modules/yargs": {
			"version": "18.0.0",
			"license": "MIT",
			"dependencies": {
				"cliui": "^9.0.1",
				"escalade": "^3.1.1",
				"get-caller-file": "^2.0.5",
				"string-width": "^7.2.0",
				"y18n": "^5.0.5",
				"yargs-parser": "^22.0.0"
			},
			"engines": {
				"node": "^20.19.0 || ^22.12.0 || >=23"
			}
		},
		"node_modules/ctrf/node_modules/yargs-parser": {
			"version": "22.0.0",
			"license": "ISC",
			"engines": {
				"node": "^20.19.0 || ^22.12.0 || >=23"
			}
		},
		"node_modules/debug": {
			"version": "4.4.3",
			"dev": true,
			"license": "MIT",
			"dependencies": {
				"ms": "^2.1.3"
			},
			"engines": {
				"node": ">=6.0"
			},
			"peerDependenciesMeta": {
				"supports-color": {
					"optional": true
				}
			}
		},
		"node_modules/detect-libc": {
			"version": "2.1.2",
			"dev": true,
			"license": "Apache-2.0",
			"engines": {
				"node": ">=8"
			}
		},
		"node_modules/es-module-lexer": {
			"version": "2.1.0",
			"dev": true,
			"license": "MIT"
		},
		"node_modules/esbuild": {
			"version": "0.27.7",
			"dev": true,
			"hasInstallScript": true,
			"license": "MIT",
			"bin": {
				"esbuild": "bin/esbuild"
			},
			"engines": {
				"node": ">=18"
			},
			"optionalDependencies": {
				"@esbuild/aix-ppc64": "0.27.7",
				"@esbuild/android-arm": "0.27.7",
				"@esbuild/android-arm64": "0.27.7",
				"@esbuild/android-x64": "0.27.7",
				"@esbuild/darwin-arm64": "0.27.7",
				"@esbuild/darwin-x64": "0.27.7",
				"@esbuild/freebsd-arm64": "0.27.7",
				"@esbuild/freebsd-x64": "0.27.7",
				"@esbuild/linux-arm": "0.27.7",
				"@esbuild/linux-arm64": "0.27.7",
				"@esbuild/linux-ia32": "0.27.7",
				"@esbuild/linux-loong64": "0.27.7",
				"@esbuild/linux-mips64el": "0.27.7",
				"@esbuild/linux-ppc64": "0.27.7",
				"@esbuild/linux-riscv64": "0.27.7",
				"@esbuild/linux-s390x": "0.27.7",
				"@esbuild/linux-x64": "0.27.7",
				"@esbuild/netbsd-arm64": "0.27.7",
				"@esbuild/netbsd-x64": "0.27.7",
				"@esbuild/openbsd-arm64": "0.27.7",
				"@esbuild/openbsd-x64": "0.27.7",
				"@esbuild/openharmony-arm64": "0.27.7",
				"@esbuild/sunos-x64": "0.27.7",
				"@esbuild/win32-arm64": "0.27.7",
				"@esbuild/win32-ia32": "0.27.7",
				"@esbuild/win32-x64": "0.27.7"
			}
		},
		"node_modules/escalade": {
			"version": "3.2.0",
			"license": "MIT",
			"engines": {
				"node": ">=6"
			}
		},
		"node_modules/estree-walker": {
			"version": "3.0.3",
			"dev": true,
			"license": "MIT",
			"dependencies": {
				"@types/estree": "^1.0.0"
			}
		},
		"node_modules/expect-type": {
			"version": "1.3.0",
			"dev": true,
			"license": "Apache-2.0",
			"engines": {
				"node": ">=12.0.0"
			}
		},
		"node_modules/fast-deep-equal": {
			"version": "3.1.3",
			"license": "MIT"
		},
		"node_modules/fast-uri": {
			"version": "3.1.2",
			"funding": [
				{
					"type": "github",
					"url": "https://github.com/sponsors/fastify"
				},
				{
					"type": "opencollective",
					"url": "https://opencollective.com/fastify"
				}
			],
			"license": "BSD-3-Clause"
		},
		"node_modules/fdir": {
			"version": "6.5.0",
			"dev": true,
			"license": "MIT",
			"engines": {
				"node": ">=12.0.0"
			},
			"peerDependencies": {
				"picomatch": "^3 || ^4"
			},
			"peerDependenciesMeta": {
				"picomatch": {
					"optional": true
				}
			}
		},
		"node_modules/fix-dts-default-cjs-exports": {
			"version": "1.0.1",
			"dev": true,
			"license": "MIT",
			"dependencies": {
				"magic-string": "^0.30.17",
				"mlly": "^1.7.4",
				"rollup": "^4.34.8"
			}
		},
		"node_modules/fsevents": {
			"version": "2.3.3",
			"dev": true,
			"license": "MIT",
			"optional": true,
			"os": [
				"darwin"
			],
			"engines": {
				"node": "^8.16.0 || ^10.6.0 || >=11.0.0"
			}
		},
		"node_modules/get-caller-file": {
			"version": "2.0.5",
			"license": "ISC",
			"engines": {
				"node": "6.* || 8.* || >= 10.*"
			}
		},
		"node_modules/get-east-asian-width": {
			"version": "1.5.0",
			"license": "MIT",
			"engines": {
				"node": ">=18"
			},
			"funding": {
				"url": "https://github.com/sponsors/sindresorhus"
			}
		},
		"node_modules/has-flag": {
			"version": "4.0.0",
			"dev": true,
			"license": "MIT",
			"engines": {
				"node": ">=8"
			}
		},
		"node_modules/html-escaper": {
			"version": "2.0.2",
			"dev": true,
			"license": "MIT"
		},
		"node_modules/istanbul-lib-coverage": {
			"version": "3.2.2",
			"dev": true,
			"license": "BSD-3-Clause",
			"engines": {
				"node": ">=8"
			}
		},
		"node_modules/istanbul-lib-report": {
			"version": "3.0.1",
			"dev": true,
			"license": "BSD-3-Clause",
			"dependencies": {
				"istanbul-lib-coverage": "^3.0.0",
				"make-dir": "^4.0.0",
				"supports-color": "^7.1.0"
			},
			"engines": {
				"node": ">=10"
			}
		},
		"node_modules/istanbul-reports": {
			"version": "3.2.0",
			"dev": true,
			"license": "BSD-3-Clause",
			"dependencies": {
				"html-escaper": "^2.0.0",
				"istanbul-lib-report": "^3.0.0"
			},
			"engines": {
				"node": ">=8"
			}
		},
		"node_modules/joycon": {
			"version": "3.1.1",
			"dev": true,
			"license": "MIT",
			"engines": {
				"node": ">=10"
			}
		},
		"node_modules/lightningcss": {
			"version": "1.32.0",
			"dev": true,
			"license": "MPL-2.0",
			"dependencies": {
				"detect-libc": "^2.0.3"
			},
			"engines": {
				"node": ">= 12.0.0"
			},
			"funding": {
				"type": "opencollective",
				"url": "https://opencollective.com/parcel"
			},
			"optionalDependencies": {
				"lightningcss-android-arm64": "1.32.0",
				"lightningcss-darwin-arm64": "1.32.0",
				"lightningcss-darwin-x64": "1.32.0",
				"lightningcss-freebsd-x64": "1.32.0",
				"lightningcss-linux-arm-gnueabihf": "1.32.0",
				"lightningcss-linux-arm64-gnu": "1.32.0",
				"lightningcss-linux-arm64-musl": "1.32.0",
				"lightningcss-linux-x64-gnu": "1.32.0",
				"lightningcss-linux-x64-musl": "1.32.0",
				"lightningcss-win32-arm64-msvc": "1.32.0",
				"lightningcss-win32-x64-msvc": "1.32.0"
			}
		},
		"node_modules/lightningcss-darwin-arm64": {
			"version": "1.32.0",
			"cpu": [
				"arm64"
			],
			"dev": true,
			"license": "MPL-2.0",
			"optional": true,
			"os": [
				"darwin"
			],
			"engines": {
				"node": ">= 12.0.0"
			},
			"funding": {
				"type": "opencollective",
				"url": "https://opencollective.com/parcel"
			}
		},
		"node_modules/lilconfig": {
			"version": "3.1.3",
			"dev": true,
			"license": "MIT",
			"engines": {
				"node": ">=14"
			},
			"funding": {
				"url": "https://github.com/sponsors/antonk52"
			}
		},
		"node_modules/lines-and-columns": {
			"version": "1.2.4",
			"dev": true,
			"license": "MIT"
		},
		"node_modules/load-tsconfig": {
			"version": "0.2.5",
			"dev": true,
			"license": "MIT",
			"engines": {
				"node": "^12.20.0 || ^14.13.1 || >=16.0.0"
			}
		},
		"node_modules/magic-string": {
			"version": "0.30.21",
			"dev": true,
			"license": "MIT",
			"dependencies": {
				"@jridgewell/sourcemap-codec": "^1.5.5"
			}
		},
		"node_modules/magicast": {
			"version": "0.5.3",
			"dev": true,
			"license": "MIT",
			"dependencies": {
				"@babel/parser": "^7.29.3",
				"@babel/types": "^7.29.0",
				"source-map-js": "^1.2.1"
			}
		},
		"node_modules/make-dir": {
			"version": "4.0.0",
			"dev": true,
			"license": "MIT",
			"dependencies": {
				"semver": "^7.5.3"
			},
			"engines": {
				"node": ">=10"
			},
			"funding": {
				"url": "https://github.com/sponsors/sindresorhus"
			}
		},
		"node_modules/minipass": {
			"version": "7.1.3",
			"license": "BlueOak-1.0.0",
			"engines": {
				"node": ">=16 || 14 >=14.17"
			}
		},
		"node_modules/mlly": {
			"version": "1.8.2",
			"dev": true,
			"license": "MIT",
			"dependencies": {
				"acorn": "^8.16.0",
				"pathe": "^2.0.3",
				"pkg-types": "^1.3.1",
				"ufo": "^1.6.3"
			}
		},
		"node_modules/ms": {
			"version": "2.1.3",
			"dev": true,
			"license": "MIT"
		},
		"node_modules/mz": {
			"version": "2.7.0",
			"dev": true,
			"license": "MIT",
			"dependencies": {
				"any-promise": "^1.0.0",
				"object-assign": "^4.0.1",
				"thenify-all": "^1.0.0"
			}
		},
		"node_modules/nanoid": {
			"version": "3.3.12",
			"dev": true,
			"funding": [
				{
					"type": "github",
					"url": "https://github.com/sponsors/ai"
				}
			],
			"license": "MIT",
			"bin": {
				"nanoid": "bin/nanoid.cjs"
			},
			"engines": {
				"node": "^10 || ^12 || ^13.7 || ^14 || >=15.0.1"
			}
		},
		"node_modules/object-assign": {
			"version": "4.1.1",
			"dev": true,
			"license": "MIT",
			"engines": {
				"node": ">=0.10.0"
			}
		},
		"node_modules/obug": {
			"version": "2.1.2",
			"dev": true,
			"funding": [
				"https://github.com/sponsors/sxzz",
				"https://opencollective.com/debug"
			],
			"license": "MIT",
			"engines": {
				"node": ">=12.20.0"
			}
		},
		"node_modules/pathe": {
			"version": "2.0.3",
			"dev": true,
			"license": "MIT"
		},
		"node_modules/picocolors": {
			"version": "1.1.1",
			"dev": true,
			"license": "ISC"
		},
		"node_modules/picomatch": {
			"version": "4.0.4",
			"dev": true,
			"license": "MIT",
			"engines": {
				"node": ">=12"
			},
			"funding": {
				"url": "https://github.com/sponsors/jonschlinkert"
			}
		},
		"node_modules/pirates": {
			"version": "4.0.7",
			"dev": true,
			"license": "MIT",
			"engines": {
				"node": ">= 6"
			}
		},
		"node_modules/pkg-types": {
			"version": "1.3.1",
			"dev": true,
			"license": "MIT",
			"dependencies": {
				"confbox": "^0.1.8",
				"mlly": "^1.7.4",
				"pathe": "^2.0.1"
			}
		},
		"node_modules/playwright": {
			"version": "1.60.0",
			"dev": true,
			"license": "Apache-2.0",
			"dependencies": {
				"playwright-core": "1.60.0"
			},
			"bin": {
				"playwright": "cli.js"
			},
			"engines": {
				"node": ">=18"
			},
			"optionalDependencies": {
				"fsevents": "2.3.2"
			}
		},
		"node_modules/playwright-core": {
			"version": "1.60.0",
			"dev": true,
			"license": "Apache-2.0",
			"bin": {
				"playwright-core": "cli.js"
			},
			"engines": {
				"node": ">=18"
			}
		},
		"node_modules/playwright/node_modules/fsevents": {
			"version": "2.3.2",
			"dev": true,
			"license": "MIT",
			"optional": true,
			"os": [
				"darwin"
			],
			"engines": {
				"node": "^8.16.0 || ^10.6.0 || >=11.0.0"
			}
		},
		"node_modules/postcss": {
			"version": "8.5.15",
			"dev": true,
			"funding": [
				{
					"type": "opencollective",
					"url": "https://opencollective.com/postcss/"
				},
				{
					"type": "tidelift",
					"url": "https://tidelift.com/funding/github/npm/postcss"
				},
				{
					"type": "github",
					"url": "https://github.com/sponsors/ai"
				}
			],
			"license": "MIT",
			"dependencies": {
				"nanoid": "^3.3.12",
				"picocolors": "^1.1.1",
				"source-map-js": "^1.2.1"
			},
			"engines": {
				"node": "^10 || ^12 || >=14"
			}
		},
		"node_modules/postcss-load-config": {
			"version": "6.0.1",
			"dev": true,
			"funding": [
				{
					"type": "opencollective",
					"url": "https://opencollective.com/postcss/"
				},
				{
					"type": "github",
					"url": "https://github.com/sponsors/ai"
				}
			],
			"license": "MIT",
			"dependencies": {
				"lilconfig": "^3.1.1"
			},
			"engines": {
				"node": ">= 18"
			},
			"peerDependencies": {
				"jiti": ">=1.21.0",
				"postcss": ">=8.0.9",
				"tsx": "^4.8.1",
				"yaml": "^2.4.2"
			},
			"peerDependenciesMeta": {
				"jiti": {
					"optional": true
				},
				"postcss": {
					"optional": true
				},
				"tsx": {
					"optional": true
				},
				"yaml": {
					"optional": true
				}
			}
		},
		"node_modules/readdirp": {
			"version": "4.1.2",
			"dev": true,
			"license": "MIT",
			"engines": {
				"node": ">= 14.18.0"
			},
			"funding": {
				"type": "individual",
				"url": "https://paulmillr.com/funding/"
			}
		},
		"node_modules/require-from-string": {
			"version": "2.0.2",
			"license": "MIT",
			"engines": {
				"node": ">=0.10.0"
			}
		},
		"node_modules/resolve-from": {
			"version": "5.0.0",
			"dev": true,
			"license": "MIT",
			"engines": {
				"node": ">=8"
			}
		},
		"node_modules/rolldown": {
			"version": "1.0.3",
			"dev": true,
			"license": "MIT",
			"dependencies": {
				"@oxc-project/types": "=0.133.0",
				"@rolldown/pluginutils": "^1.0.0"
			},
			"bin": {
				"rolldown": "bin/cli.mjs"
			},
			"engines": {
				"node": "^20.19.0 || >=22.12.0"
			},
			"optionalDependencies": {
				"@rolldown/binding-android-arm64": "1.0.3",
				"@rolldown/binding-darwin-arm64": "1.0.3",
				"@rolldown/binding-darwin-x64": "1.0.3",
				"@rolldown/binding-freebsd-x64": "1.0.3",
				"@rolldown/binding-linux-arm-gnueabihf": "1.0.3",
				"@rolldown/binding-linux-arm64-gnu": "1.0.3",
				"@rolldown/binding-linux-arm64-musl": "1.0.3",
				"@rolldown/binding-linux-ppc64-gnu": "1.0.3",
				"@rolldown/binding-linux-s390x-gnu": "1.0.3",
				"@rolldown/binding-linux-x64-gnu": "1.0.3",
				"@rolldown/binding-linux-x64-musl": "1.0.3",
				"@rolldown/binding-openharmony-arm64": "1.0.3",
				"@rolldown/binding-wasm32-wasi": "1.0.3",
				"@rolldown/binding-win32-arm64-msvc": "1.0.3",
				"@rolldown/binding-win32-x64-msvc": "1.0.3"
			}
		},
		"node_modules/rollup": {
			"version": "4.61.1",
			"dev": true,
			"license": "MIT",
			"dependencies": {
				"@types/estree": "1.0.9"
			},
			"bin": {
				"rollup": "dist/bin/rollup"
			},
			"engines": {
				"node": ">=18.0.0",
				"npm": ">=8.0.0"
			},
			"optionalDependencies": {
				"@rollup/rollup-android-arm-eabi": "4.61.1",
				"@rollup/rollup-android-arm64": "4.61.1",
				"@rollup/rollup-darwin-arm64": "4.61.1",
				"@rollup/rollup-darwin-x64": "4.61.1",
				"@rollup/rollup-freebsd-arm64": "4.61.1",
				"@rollup/rollup-freebsd-x64": "4.61.1",
				"@rollup/rollup-linux-arm-gnueabihf": "4.61.1",
				"@rollup/rollup-linux-arm-musleabihf": "4.61.1",
				"@rollup/rollup-linux-arm64-gnu": "4.61.1",
				"@rollup/rollup-linux-arm64-musl": "4.61.1",
				"@rollup/rollup-linux-loong64-gnu": "4.61.1",
				"@rollup/rollup-linux-loong64-musl": "4.61.1",
				"@rollup/rollup-linux-ppc64-gnu": "4.61.1",
				"@rollup/rollup-linux-ppc64-musl": "4.61.1",
				"@rollup/rollup-linux-riscv64-gnu": "4.61.1",
				"@rollup/rollup-linux-riscv64-musl": "4.61.1",
				"@rollup/rollup-linux-s390x-gnu": "4.61.1",
				"@rollup/rollup-linux-x64-gnu": "4.61.1",
				"@rollup/rollup-linux-x64-musl": "4.61.1",
				"@rollup/rollup-openbsd-x64": "4.61.1",
				"@rollup/rollup-openharmony-arm64": "4.61.1",
				"@rollup/rollup-win32-arm64-msvc": "4.61.1",
				"@rollup/rollup-win32-ia32-msvc": "4.61.1",
				"@rollup/rollup-win32-x64-gnu": "4.61.1",
				"@rollup/rollup-win32-x64-msvc": "4.61.1",
				"fsevents": "~2.3.2"
			}
		},
		"node_modules/semver": {
			"version": "7.8.2",
			"dev": true,
			"license": "ISC",
			"bin": {
				"semver": "bin/semver.js"
			},
			"engines": {
				"node": ">=10"
			}
		},
		"node_modules/siginfo": {
			"version": "2.0.0",
			"dev": true,
			"license": "ISC"
		},
		"node_modules/source-map": {
			"version": "0.7.6",
			"dev": true,
			"license": "BSD-3-Clause",
			"engines": {
				"node": ">= 12"
			}
		},
		"node_modules/source-map-js": {
			"version": "1.2.1",
			"dev": true,
			"license": "BSD-3-Clause",
			"engines": {
				"node": ">=0.10.0"
			}
		},
		"node_modules/stackback": {
			"version": "0.0.2",
			"dev": true,
			"license": "MIT"
		},
		"node_modules/std-env": {
			"version": "4.1.0",
			"dev": true,
			"license": "MIT"
		},
		"node_modules/strip-ansi": {
			"version": "7.1.2",
			"license": "MIT",
			"dependencies": {
				"ansi-regex": "^6.0.1"
			},
			"engines": {
				"node": ">=12"
			},
			"funding": {
				"url": "https://github.com/chalk/strip-ansi?sponsor=1"
			}
		},
		"node_modules/sucrase": {
			"version": "3.35.1",
			"dev": true,
			"license": "MIT",
			"dependencies": {
				"@jridgewell/gen-mapping": "^0.3.2",
				"commander": "^4.0.0",
				"lines-and-columns": "^1.1.6",
				"mz": "^2.7.0",
				"pirates": "^4.0.1",
				"tinyglobby": "^0.2.11",
				"ts-interface-checker": "^0.1.9"
			},
			"bin": {
				"sucrase": "bin/sucrase",
				"sucrase-node": "bin/sucrase-node"
			},
			"engines": {
				"node": ">=16 || 14 >=14.17"
			}
		},
		"node_modules/supports-color": {
			"version": "7.2.0",
			"dev": true,
			"license": "MIT",
			"dependencies": {
				"has-flag": "^4.0.0"
			},
			"engines": {
				"node": ">=8"
			}
		},
		"node_modules/thenify": {
			"version": "3.3.1",
			"dev": true,
			"license": "MIT",
			"dependencies": {
				"any-promise": "^1.0.0"
			}
		},
		"node_modules/thenify-all": {
			"version": "1.6.0",
			"dev": true,
			"license": "MIT",
			"dependencies": {
				"thenify": ">= 3.1.0 < 4"
			},
			"engines": {
				"node": ">=0.8"
			}
		},
		"node_modules/tinybench": {
			"version": "2.9.0",
			"dev": true,
			"license": "MIT"
		},
		"node_modules/tinyexec": {
			"version": "1.2.4",
			"dev": true,
			"license": "MIT",
			"engines": {
				"node": ">=18"
			}
		},
		"node_modules/tinyglobby": {
			"version": "0.2.17",
			"dev": true,
			"license": "MIT",
			"dependencies": {
				"fdir": "^6.5.0",
				"picomatch": "^4.0.4"
			},
			"engines": {
				"node": ">=12.0.0"
			},
			"funding": {
				"url": "https://github.com/sponsors/SuperchupuDev"
			}
		},
		"node_modules/tinyrainbow": {
			"version": "3.1.0",
			"dev": true,
			"license": "MIT",
			"engines": {
				"node": ">=14.0.0"
			}
		},
		"node_modules/tree-kill": {
			"version": "1.2.2",
			"dev": true,
			"license": "MIT",
			"bin": {
				"tree-kill": "cli.js"
			}
		},
		"node_modules/ts-interface-checker": {
			"version": "0.1.13",
			"dev": true,
			"license": "Apache-2.0"
		},
		"node_modules/tsup": {
			"version": "8.5.1",
			"dev": true,
			"license": "MIT",
			"dependencies": {
				"bundle-require": "^5.1.0",
				"cac": "^6.7.14",
				"chokidar": "^4.0.3",
				"consola": "^3.4.0",
				"debug": "^4.4.0",
				"esbuild": "^0.27.0",
				"fix-dts-default-cjs-exports": "^1.0.0",
				"joycon": "^3.1.1",
				"picocolors": "^1.1.1",
				"postcss-load-config": "^6.0.1",
				"resolve-from": "^5.0.0",
				"rollup": "^4.34.8",
				"source-map": "^0.7.6",
				"sucrase": "^3.35.0",
				"tinyexec": "^0.3.2",
				"tinyglobby": "^0.2.11",
				"tree-kill": "^1.2.2"
			},
			"bin": {
				"tsup": "dist/cli-default.js",
				"tsup-node": "dist/cli-node.js"
			},
			"engines": {
				"node": ">=18"
			},
			"peerDependencies": {
				"@microsoft/api-extractor": "^7.36.0",
				"@swc/core": "^1",
				"postcss": "^8.4.12",
				"typescript": ">=4.5.0"
			},
			"peerDependenciesMeta": {
				"@microsoft/api-extractor": {
					"optional": true
				},
				"@swc/core": {
					"optional": true
				},
				"postcss": {
					"optional": true
				},
				"typescript": {
					"optional": true
				}
			}
		},
		"node_modules/tsup/node_modules/tinyexec": {
			"version": "0.3.2",
			"dev": true,
			"license": "MIT"
		},
		"node_modules/typescript": {
			"version": "6.0.3",
			"dev": true,
			"license": "Apache-2.0",
			"bin": {
				"tsc": "bin/tsc",
				"tsserver": "bin/tsserver"
			},
			"engines": {
				"node": ">=14.17"
			}
		},
		"node_modules/ufo": {
			"version": "1.6.4",
			"dev": true,
			"license": "MIT"
		},
		"node_modules/undici-types": {
			"version": "7.24.6",
			"dev": true,
			"license": "MIT"
		},
		"node_modules/vite": {
			"version": "8.0.16",
			"dev": true,
			"license": "MIT",
			"dependencies": {
				"lightningcss": "^1.32.0",
				"picomatch": "^4.0.4",
				"postcss": "^8.5.15",
				"rolldown": "1.0.3",
				"tinyglobby": "^0.2.17"
			},
			"bin": {
				"vite": "bin/vite.js"
			},
			"engines": {
				"node": "^20.19.0 || >=22.12.0"
			},
			"funding": {
				"url": "https://github.com/vitejs/vite?sponsor=1"
			},
			"optionalDependencies": {
				"fsevents": "~2.3.3"
			},
			"peerDependencies": {
				"@types/node": "^20.19.0 || >=22.12.0",
				"@vitejs/devtools": "^0.1.18",
				"esbuild": "^0.27.0 || ^0.28.0",
				"jiti": ">=1.21.0",
				"less": "^4.0.0",
				"sass": "^1.70.0",
				"sass-embedded": "^1.70.0",
				"stylus": ">=0.54.8",
				"sugarss": "^5.0.0",
				"terser": "^5.16.0",
				"tsx": "^4.8.1",
				"yaml": "^2.4.2"
			},
			"peerDependenciesMeta": {
				"@types/node": {
					"optional": true
				},
				"@vitejs/devtools": {
					"optional": true
				},
				"esbuild": {
					"optional": true
				},
				"jiti": {
					"optional": true
				},
				"less": {
					"optional": true
				},
				"sass": {
					"optional": true
				},
				"sass-embedded": {
					"optional": true
				},
				"stylus": {
					"optional": true
				},
				"sugarss": {
					"optional": true
				},
				"terser": {
					"optional": true
				},
				"tsx": {
					"optional": true
				},
				"yaml": {
					"optional": true
				}
			}
		},
		"node_modules/vitest": {
			"version": "4.1.8",
			"dev": true,
			"license": "MIT",
			"dependencies": {
				"@vitest/expect": "4.1.8",
				"@vitest/mocker": "4.1.8",
				"@vitest/pretty-format": "4.1.8",
				"@vitest/runner": "4.1.8",
				"@vitest/snapshot": "4.1.8",
				"@vitest/spy": "4.1.8",
				"@vitest/utils": "4.1.8",
				"es-module-lexer": "^2.0.0",
				"expect-type": "^1.3.0",
				"magic-string": "^0.30.21",
				"obug": "^2.1.1",
				"pathe": "^2.0.3",
				"picomatch": "^4.0.3",
				"std-env": "^4.0.0-rc.1",
				"tinybench": "^2.9.0",
				"tinyexec": "^1.0.2",
				"tinyglobby": "^0.2.15",
				"tinyrainbow": "^3.1.0",
				"vite": "^6.0.0 || ^7.0.0 || ^8.0.0",
				"why-is-node-running": "^2.3.0"
			},
			"bin": {
				"vitest": "vitest.mjs"
			},
			"engines": {
				"node": "^20.0.0 || ^22.0.0 || >=24.0.0"
			},
			"funding": {
				"url": "https://opencollective.com/vitest"
			},
			"peerDependencies": {
				"@edge-runtime/vm": "*",
				"@opentelemetry/api": "^1.9.0",
				"@types/node": "^20.0.0 || ^22.0.0 || >=24.0.0",
				"@vitest/browser-playwright": "4.1.8",
				"@vitest/browser-preview": "4.1.8",
				"@vitest/browser-webdriverio": "4.1.8",
				"@vitest/coverage-istanbul": "4.1.8",
				"@vitest/coverage-v8": "4.1.8",
				"@vitest/ui": "4.1.8",
				"happy-dom": "*",
				"jsdom": "*",
				"vite": "^6.0.0 || ^7.0.0 || ^8.0.0"
			},
			"peerDependenciesMeta": {
				"@edge-runtime/vm": {
					"optional": true
				},
				"@opentelemetry/api": {
					"optional": true
				},
				"@types/node": {
					"optional": true
				},
				"@vitest/browser-playwright": {
					"optional": true
				},
				"@vitest/browser-preview": {
					"optional": true
				},
				"@vitest/browser-webdriverio": {
					"optional": true
				},
				"@vitest/coverage-istanbul": {
					"optional": true
				},
				"@vitest/coverage-v8": {
					"optional": true
				},
				"@vitest/ui": {
					"optional": true
				},
				"happy-dom": {
					"optional": true
				},
				"jsdom": {
					"optional": true
				},
				"vite": {
					"optional": false
				}
			}
		},
		"node_modules/why-is-node-running": {
			"version": "2.3.0",
			"dev": true,
			"license": "MIT",
			"dependencies": {
				"siginfo": "^2.0.0",
				"stackback": "0.0.2"
			},
			"bin": {
				"why-is-node-running": "cli.js"
			},
			"engines": {
				"node": ">=8"
			}
		},
		"node_modules/y18n": {
			"version": "5.0.8",
			"license": "ISC",
			"engines": {
				"node": ">=10"
			}
		}
	}
}
